// !$*UTF8*$!
{
	archiveVersion = 1;
	classes = {
	};
	objectVersion = 55;
	objects = {

/* Begin PBXBuildFile section */
		8DE54D76286362AB006FABF3 /* SwiftUiTwoApp.swift in Sources */ = {isa = PBXBuildFile; fileRef = 8DE54D75286362AB006FABF3 /* SwiftUiTwoApp.swift */; };
		8DE54D7A286362AB006FABF3 /* Assets.xcassets in Resources */ = {isa = PBXBuildFile; fileRef = 8DE54D79286362AB006FABF3 /* Assets.xcassets */; };
		8DE54D7D286362AB006FABF3 /* Preview Assets.xcassets in Resources */ = {isa = PBXBuildFile; fileRef = 8DE54D7C286362AB006FABF3 /* Preview Assets.xcassets */; };
		8DE54D7F286362AB006FABF3 /* Persistence.swift in Sources */ = {isa = PBXBuildFile; fileRef = 8DE54D7E286362AB006FABF3 /* Persistence.swift */; };
		8DE54D82286362AB006FABF3 /* SwiftUiTwo.xcdatamodeld in Sources */ = {isa = PBXBuildFile; fileRef = 8DE54D80286362AB006FABF3 /* SwiftUiTwo.xcdatamodeld */; };
		8DE54D8C286362AC006FABF3 /* SwiftUiTwoTests.swift in Sources */ = {isa = PBXBuildFile; fileRef = 8DE54D8B286362AC006FABF3 /* SwiftUiTwoTests.swift */; };
		8DE54D96286362AC006FABF3 /* SwiftUiTwoUITests.swift in Sources */ = {isa = PBXBuildFile; fileRef = 8DE54D95286362AC006FABF3 /* SwiftUiTwoUITests.swift */; };
		8DE54D98286362AC006FABF3 /* SwiftUiTwoUITestsLaunchTests.swift in Sources */ = {isa = PBXBuildFile; fileRef = 8DE54D97286362AC006FABF3 /* SwiftUiTwoUITestsLaunchTests.swift */; };
		8DE54DA6286362C7006FABF3 /* HomeSwiftUIView.swift in Sources */ = {isa = PBXBuildFile; fileRef = 8DE54DA5286362C7006FABF3 /* HomeSwiftUIView.swift */; };
		8DE54DA8286444BA006FABF3 /* MapSwiftUIView.swift in Sources */ = {isa = PBXBuildFile; fileRef = 8DE54DA7286444BA006FABF3 /* MapSwiftUIView.swift */; };
		8DE54DAA286448CA006FABF3 /* ComponentSwiftUIView.swift in Sources */ = {isa = PBXBuildFile; fileRef = 8DE54DA9286448CA006FABF3 /* ComponentSwiftUIView.swift */; };
/* End PBXBuildFile section */

/* Begin PBXContainerItemProxy section */
		8DE54D88286362AC006FABF3 /* PBXContainerItemProxy */ = {
			isa = PBXContainerItemProxy;
			containerPortal = 8DE54D6A286362AB006FABF3 /* Project object */;
			proxyType = 1;
			remoteGlobalIDString = 8DE54D71286362AB006FABF3;
			remoteInfo = SwiftUiTwo;
		};
		8DE54D92286362AC006FABF3 /* PBXContainerItemProxy */ = {
			isa = PBXContainerItemProxy;
			containerPortal = 8DE54D6A286362AB006FABF3 /* Project object */;
			proxyType = 1;
			remoteGlobalIDString = 8DE54D71286362AB006FABF3;
			remoteInfo = SwiftUiTwo;
		};
/* End PBXContainerItemProxy section */

/* Begin PBXFileReference section */
		8DE54D72286362AB006FABF3 /* SwiftUiTwo.app */ = {isa = PBXFileReference; explicitFileType = wrapper.application; includeInIndex = 0; path = SwiftUiTwo.app; sourceTree = BUILT_PRODUCTS_DIR; };
		8DE54D75286362AB006FABF3 /* SwiftUiTwoApp.swift */ = {isa = PBXFileReference; lastKnownFileType = sourcecode.swift; path = SwiftUiTwoApp.swift; sourceTree = "<group>"; };
		8DE54D79286362AB006FABF3 /* Assets.xcassets */ = {isa = PBXFileReference; lastKnownFileType = folder.assetcatalog; path = Assets.xcassets; sourceTree = "<group>"; };
		8DE54D7C286362AB006FABF3 /* Preview Assets.xcassets */ = {isa = PBXFileReference; lastKnownFileType = folder.assetcatalog; path = "Preview Assets.xcassets"; sourceTree = "<group>"; };
		8DE54D7E286362AB006FABF3 /* Persistence.swift */ = {isa = PBXFileReference; lastKnownFileType = sourcecode.swift; path = Persistence.swift; sourceTree = "<group>"; };
		8DE54D81286362AB006FABF3 /* SwiftUiTwo.xcdatamodel */ = {isa = PBXFileReference; lastKnownFileType = wrapper.xcdatamodel; path = SwiftUiTwo.xcdatamodel; sourceTree = "<group>"; };
		8DE54D87286362AC006FABF3 /* SwiftUiTwoTests.xctest */ = {isa = PBXFileReference; explicitFileType = wrapper.cfbundle; includeInIndex = 0; path = SwiftUiTwoTests.xctest; sourceTree = BUILT_PRODUCTS_DIR; };
		8DE54D8B286362AC006FABF3 /* SwiftUiTwoTests.swift */ = {isa = PBXFileReference; lastKnownFileType = sourcecode.swift; path = SwiftUiTwoTests.swift; sourceTree = "<group>"; };
		8DE54D91286362AC006FABF3 /* SwiftUiTwoUITests.xctest */ = {isa = PBXFileReference; explicitFileType = wrapper.cfbundle; includeInIndex = 0; path = SwiftUiTwoUITests.xctest; sourceTree = BUILT_PRODUCTS_DIR; };
		8DE54D95286362AC006FABF3 /* SwiftUiTwoUITests.swift */ = {isa = PBXFileReference; lastKnownFileType = sourcecode.swift; path = SwiftUiTwoUITests.swift; sourceTree = "<group>"; };
		8DE54D97286362AC006FABF3 /* SwiftUiTwoUITestsLaunchTests.swift */ = {isa = PBXFileReference; lastKnownFileType = sourcecode.swift; path = SwiftUiTwoUITestsLaunchTests.swift; sourceTree = "<group>"; };
		8DE54DA5286362C7006FABF3 /* HomeSwiftUIView.swift */ = {isa = PBXFileReference; lastKnownFileType = sourcecode.swift; path = HomeSwiftUIView.swift; sourceTree = "<group>"; };
		8DE54DA7286444BA006FABF3 /* MapSwiftUIView.swift */ = {isa = PBXFileReference; lastKnownFileType = sourcecode.swift; path = MapSwiftUIView.swift; sourceTree = "<group>"; };
		8DE54DA9286448CA006FABF3 /* ComponentSwiftUIView.swift */ = {isa = PBXFileReference; lastKnownFileType = sourcecode.swift; path = ComponentSwiftUIView.swift; sourceTree = "<group>"; };
/* End PBXFileReference section */

/* Begin PBXFrameworksBuildPhase section */
		8DE54D6F286362AB006FABF3 /* Frameworks */ = {
			isa = PBXFrameworksBuildPhase;
			buildActionMask = 2147483647;
			files = (
			);
			runOnlyForDeploymentPostprocessing = 0;
		};
		8DE54D84286362AC006FABF3 /* Frameworks */ = {
			isa = PBXFrameworksBuildPhase;
			buildActionMask = 2147483647;
			files = (
			);
			runOnlyForDeploymentPostprocessing = 0;
		};
		8DE54D8E286362AC006FABF3 /* Frameworks */ = {
			isa = PBXFrameworksBuildPhase;
			buildActionMask = 2147483647;
			files = (
			);
			runOnlyForDeploymentPostprocessing = 0;
		};
/* End PBXFrameworksBuildPhase section */

/* Begin PBXGroup section */
		8DE54D69286362AB006FABF3 = {
			isa = PBXGroup;
			children = (
				8DE54D74286362AB006FABF3 /* SwiftUiTwo */,
				8DE54D8A286362AC006FABF3 /* SwiftUiTwoTests */,
				8DE54D94286362AC006FABF3 /* SwiftUiTwoUITests */,
				8DE54D73286362AB006FABF3 /* Products */,
			);
			sourceTree = "<group>";
		};
		8DE54D73286362AB006FABF3 /* Products */ = {
			isa = PBXGroup;
			children = (
				8DE54D72286362AB006FABF3 /* SwiftUiTwo.app */,
				8DE54D87286362AC006FABF3 /* SwiftUiTwoTests.xctest */,
				8DE54D91286362AC006FABF3 /* SwiftUiTwoUITests.xctest */,
			);
			name = Products;
			sourceTree = "<group>";
		};
		8DE54D74286362AB006FABF3 /* SwiftUiTwo */ = {
			isa = PBXGroup;
			children = (
				8DE54DA4286362BB006FABF3 /* Screens */,
				8DE54D75286362AB006FABF3 /* SwiftUiTwoApp.swift */,
				8DE54D79286362AB006FABF3 /* Assets.xcassets */,
				8DE54D7E286362AB006FABF3 /* Persistence.swift */,
				8DE54D80286362AB006FABF3 /* SwiftUiTwo.xcdatamodeld */,
				8DE54D7B286362AB006FABF3 /* Preview Content */,
			);
			path = SwiftUiTwo;
			sourceTree = "<group>";
		};
		8DE54D7B286362AB006FABF3 /* Preview Content */ = {
			isa = PBXGroup;
			children = (
				8DE54D7C286362AB006FABF3 /* Preview Assets.xcassets */,
			);
			path = "Preview Content";
			sourceTree = "<group>";
		};
		8DE54D8A286362AC006FABF3 /* SwiftUiTwoTests */ = {
			isa = PBXGroup;
			children = (
				8DE54D8B286362AC006FABF3 /* SwiftUiTwoTests.swift */,
			);
			path = SwiftUiTwoTests;
			sourceTree = "<group>";
		};
		8DE54D94286362AC006FABF3 /* SwiftUiTwoUITests */ = {
			isa = PBXGroup;
			children = (
				8DE54D95286362AC006FABF3 /* SwiftUiTwoUITests.swift */,
				8DE54D97286362AC006FABF3 /* SwiftUiTwoUITestsLaunchTests.swift */,
			);
			path = SwiftUiTwoUITests;
			sourceTree = "<group>";
		};
		8DE54DA4286362BB006FABF3 /* Screens */ = {
			isa = PBXGroup;
			children = (
				8DE54DA5286362C7006FABF3 /* HomeSwiftUIView.swift */,
				8DE54DA7286444BA006FABF3 /* MapSwiftUIView.swift */,
				8DE54DA9286448CA006FABF3 /* ComponentSwiftUIView.swift */,
			);
			path = Screens;
			sourceTree = "<group>";
		};
/* End PBXGroup section */

/* Begin PBXNativeTarget section */
		8DE54D71286362AB006FABF3 /* SwiftUiTwo */ = {
			isa = PBXNativeTarget;
			buildConfigurationList = 8DE54D9B286362AC006FABF3 /* Build configuration list for PBXNativeTarget "SwiftUiTwo" */;
			buildPhases = (
				8DE54D6E286362AB006FABF3 /* Sources */,
				8DE54D6F286362AB006FABF3 /* Frameworks */,
				8DE54D70286362AB006FABF3 /* Resources */,
			);
			buildRules = (
			);
			dependencies = (
			);
			name = SwiftUiTwo;
			productName = SwiftUiTwo;
			productReference = 8DE54D72286362AB006FABF3 /* SwiftUiTwo.app */;
			productType = "com.apple.product-type.application";
		};
		8DE54D86286362AC006FABF3 /* SwiftUiTwoTests */ = {
			isa = PBXNativeTarget;
			buildConfigurationList = 8DE54D9E286362AC006FABF3 /* Build configuration list for PBXNativeTarget "SwiftUiTwoTests" */;
			buildPhases = (
				8DE54D83286362AC006FABF3 /* Sources */,
				8DE54D84286362AC006FABF3 /* Frameworks */,
				8DE54D85286362AC006FABF3 /* Resources */,
			);
			buildRules = (
			);
			dependencies = (
				8DE54D89286362AC006FABF3 /* PBXTargetDependency */,
			);
			name = SwiftUiTwoTests;
			productName = SwiftUiTwoTests;
			productReference = 8DE54D87286362AC006FABF3 /* SwiftUiTwoTests.xctest */;
			productType = "com.apple.product-type.bundle.unit-test";
		};
		8DE54D90286362AC006FABF3 /* SwiftUiTwoUITests */ = {
			isa = PBXNativeTarget;
			buildConfigurationList = 8DE54DA1286362AC006FABF3 /* Build configuration list for PBXNativeTarget "SwiftUiTwoUITests" */;
			buildPhases = (
				8DE54D8D286362AC006FABF3 /* Sources */,
				8DE54D8E286362AC006FABF3 /* Frameworks */,
				8DE54D8F286362AC006FABF3 /* Resources */,
			);
			buildRules = (
			);
			dependencies = (
				8DE54D93286362AC006FABF3 /* PBXTargetDependency */,
			);
			name = SwiftUiTwoUITests;
			productName = SwiftUiTwoUITests;
			productReference = 8DE54D91286362AC006FABF3 /* SwiftUiTwoUITests.xctest */;
			productType = "com.apple.product-type.bundle.ui-testing";
		};
/* End PBXNativeTarget section */

/* Begin PBXProject section */
		8DE54D6A286362AB006FABF3 /* Project object */ = {
			isa = PBXProject;
			attributes = {
				BuildIndependentTargetsInParallel = 1;
				LastSwiftUpdateCheck = 1340;
				LastUpgradeCheck = 1340;
				TargetAttributes = {
					8DE54D71286362AB006FABF3 = {
						CreatedOnToolsVersion = 13.4.1;
					};
					8DE54D86286362AC006FABF3 = {
						CreatedOnToolsVersion = 13.4.1;
						TestTargetID = 8DE54D71286362AB006FABF3;
					};
					8DE54D90286362AC006FABF3 = {
						CreatedOnToolsVersion = 13.4.1;
						TestTargetID = 8DE54D71286362AB006FABF3;
					};
				};
			};
			buildConfigurationList = 8DE54D6D286362AB006FABF3 /* Build configuration list for PBXProject "SwiftUiTwo" */;
			compatibilityVersion = "Xcode 13.0";
			developmentRegion = en;
			hasScannedForEncodings = 0;
			knownRegions = (
				en,
				Base,
			);
			mainGroup = 8DE54D69286362AB006FABF3;
			productRefGroup = 8DE54D73286362AB006FABF3 /* Products */;
			projectDirPath = "";
			projectRoot = "";
			targets = (
				8DE54D71286362AB006FABF3 /* SwiftUiTwo */,
				8DE54D86286362AC006FABF3 /* SwiftUiTwoTests */,
				8DE54D90286362AC006FABF3 /* SwiftUiTwoUITests */,
			);
		};
/* End PBXProject section */

/* Begin PBXResourcesBuildPhase section */
		8DE54D70286362AB006FABF3 /* Resources */ = {
			isa = PBXResourcesBuildPhase;
			buildActionMask = 2147483647;
			files = (
				8DE54D7D286362AB006FABF3 /* Preview Assets.xcassets in Resources */,
				8DE54D7A286362AB006FABF3 /* Assets.xcassets in Resources */,
			);
			runOnlyForDeploymentPostprocessing = 0;
		};
		8DE54D85286362AC006FABF3 /* Resources */ = {
			isa = PBXResourcesBuildPhase;
			buildActionMask = 2147483647;
			files = (
			);
			runOnlyForDeploymentPostprocessing = 0;
		};
		8DE54D8F286362AC006FABF3 /* Resources */ = {
			isa = PBXResourcesBuildPhase;
			buildActionMask = 2147483647;
			files = (
			);
			runOnlyForDeploymentPostprocessing = 0;
		};
/* End PBXResourcesBuildPhase section */

/* Begin PBXSourcesBuildPhase section */
		8DE54D6E286362AB006FABF3 /* Sources */ = {
			isa = PBXSourcesBuildPhase;
			buildActionMask = 2147483647;
			files = (
				8DE54D82286362AB006FABF3 /* SwiftUiTwo.xcdatamodeld in Sources */,
				8DE54DA8286444BA006FABF3 /* MapSwiftUIView.swift in Sources */,
				8DE54DAA286448CA006FABF3 /* ComponentSwiftUIView.swift in Sources */,
				8DE54D7F286362AB006FABF3 /* Persistence.swift in Sources */,
				8DE54DA6286362C7006FABF3 /* HomeSwiftUIView.swift in Sources */,
				8DE54D76286362AB006FABF3 /* SwiftUiTwoApp.swift in Sources */,
			);
			runOnlyForDeploymentPostprocessing = 0;
		};
		8DE54D83286362AC006FABF3 /* Sources */ = {
			isa = PBXSourcesBuildPhase;
			buildActionMask = 2147483647;
			files = (
				8DE54D8C286362AC006FABF3 /* SwiftUiTwoTests.swift in Sources */,
			);
			runOnlyForDeploymentPostprocessing = 0;
		};
		8DE54D8D286362AC006FABF3 /* Sources */ = {
			isa = PBXSourcesBuildPhase;
			buildActionMask = 2147483647;
			files = (
				8DE54D96286362AC006FABF3 /* SwiftUiTwoUITests.swift in Sources */,
				8DE54D98286362AC006FABF3 /* SwiftUiTwoUITestsLaunchTests.swift in Sources */,
			);
			runOnlyForDeploymentPostprocessing = 0;
		};
/* End PBXSourcesBuildPhase section */

/* Begin PBXTargetDependency section */
		8DE54D89286362AC006FABF3 /* PBXTargetDependency */ = {
			isa = PBXTargetDependency;
			target = 8DE54D71286362AB006FABF3 /* SwiftUiTwo */;
			targetProxy = 8DE54D88286362AC006FABF3 /* PBXContainerItemProxy */;
		};
		8DE54D93286362AC006FABF3 /* PBXTargetDependency */ = {
			isa = PBXTargetDependency;
			target = 8DE54D71286362AB006FABF3 /* SwiftUiTwo */;
			targetProxy = 8DE54D92286362AC006FABF3 /* PBXContainerItemProxy */;
		};
/* End PBXTargetDependency section */

/* Begin XCBuildConfiguration section */
		8DE54D99286362AC006FABF3 /* Debug */ = {
			isa = XCBuildConfiguration;
			buildSettings = {
				ALWAYS_SEARCH_USER_PATHS = NO;
				CLANG_ANALYZER_NONNULL = YES;
				CLANG_ANALYZER_NUMBER_OBJECT_CONVERSION = YES_AGGRESSIVE;
				CLANG_CXX_LANGUAGE_STANDARD = "gnu++17";
				CLANG_ENABLE_MODULES = YES;
				CLANG_ENABLE_OBJC_ARC = YES;
				CLANG_ENABLE_OBJC_WEAK = YES;
				CLANG_WARN_BLOCK_CAPTURE_AUTORELEASING = YES;
				CLANG_WARN_BOOL_CONVERSION = YES;
				CLANG_WARN_COMMA = YES;
				CLANG_WARN_CONSTANT_CONVERSION = YES;
				CLANG_WARN_DEPRECATED_OBJC_IMPLEMENTATIONS = YES;
				CLANG_WARN_DIRECT_OBJC_ISA_USAGE = YES_ERROR;
				CLANG_WARN_DOCUMENTATION_COMMENTS = YES;
				CLANG_WARN_EMPTY_BODY = YES;
				CLANG_WARN_ENUM_CONVERSION = YES;
				CLANG_WARN_INFINITE_RECURSION = YES;
				CLANG_WARN_INT_CONVERSION = YES;
				CLANG_WARN_NON_LITERAL_NULL_CONVERSION = YES;
				CLANG_WARN_OBJC_IMPLICIT_RETAIN_SELF = YES;
				CLANG_WARN_OBJC_LITERAL_CONVERSION = YES;
				CLANG_WARN_OBJC_ROOT_CLASS = YES_ERROR;
				CLANG_WARN_QUOTED_INCLUDE_IN_FRAMEWORK_HEADER = YES;
				CLANG_WARN_RANGE_LOOP_ANALYSIS = YES;
				CLANG_WARN_STRICT_PROTOTYPES = YES;
				CLANG_WARN_SUSPICIOUS_MOVE = YES;
				CLANG_WARN_UNGUARDED_AVAILABILITY = YES_AGGRESSIVE;
				CLANG_WARN_UNREACHABLE_CODE = YES;
				CLANG_WARN__DUPLICATE_METHOD_MATCH = YES;
				COPY_PHASE_STRIP = NO;
				DEBUG_INFORMATION_FORMAT = dwarf;
				ENABLE_STRICT_OBJC_MSGSEND = YES;
				ENABLE_TESTABILITY = YES;
				GCC_C_LANGUAGE_STANDARD = gnu11;
				GCC_DYNAMIC_NO_PIC = NO;
				GCC_NO_COMMON_BLOCKS = YES;
				GCC_OPTIMIZATION_LEVEL = 0;
				GCC_PREPROCESSOR_DEFINITIONS = (
					"DEBUG=1",
					"$(inherited)",
				);
				GCC_WARN_64_TO_32_BIT_CONVERSION = YES;
				GCC_WARN_ABOUT_RETURN_TYPE = YES_ERROR;
				GCC_WARN_UNDECLARED_SELECTOR = YES;
				GCC_WARN_UNINITIALIZED_AUTOS = YES_AGGRESSIVE;
				GCC_WARN_UNUSED_FUNCTION = YES;
				GCC_WARN_UNUSED_VARIABLE = YES;
				IPHONEOS_DEPLOYMENT_TARGET = 15.5;
				MTL_ENABLE_DEBUG_INFO = INCLUDE_SOURCE;
				MTL_FAST_MATH = YES;
				ONLY_ACTIVE_ARCH = YES;
				SDKROOT = iphoneos;
				SWIFT_ACTIVE_COMPILATION_CONDITIONS = DEBUG;
				SWIFT_OPTIMIZATION_LEVEL = "-Onone";
			};
			name = Debug;
		};
		8DE54D9A286362AC006FABF3 /* Release */ = {
			isa = XCBuildConfiguration;
			buildSettings = {
				ALWAYS_SEARCH_USER_PATHS = NO;
				CLANG_ANALYZER_NONNULL = YES;
				CLANG_ANALYZER_NUMBER_OBJECT_CONVERSION = YES_AGGRESSIVE;
				CLANG_CXX_LANGUAGE_STANDARD = "gnu++17";
				CLANG_ENABLE_MODULES = YES;
				CLANG_ENABLE_OBJC_ARC = YES;
				CLANG_ENABLE_OBJC_WEAK = YES;
				CLANG_WARN_BLOCK_CAPTURE_AUTORELEASING = YES;
				CLANG_WARN_BOOL_CONVERSION = YES;
				CLANG_WARN_COMMA = YES;
				CLANG_WARN_CONSTANT_CONVERSION = YES;
				CLANG_WARN_DEPRECATED_OBJC_IMPLEMENTATIONS = YES;
				CLANG_WARN_DIRECT_OBJC_ISA_USAGE = YES_ERROR;
				CLANG_WARN_DOCUMENTATION_COMMENTS = YES;
				CLANG_WARN_EMPTY_BODY = YES;
				CLANG_WARN_ENUM_CONVERSION = YES;
				CLANG_WARN_INFINITE_RECURSION = YES;
				CLANG_WARN_INT_CONVERSION = YES;
				CLANG_WARN_NON_LITERAL_NULL_CONVERSION = YES;
				CLANG_WARN_OBJC_IMPLICIT_RETAIN_SELF = YES;
				CLANG_WARN_OBJC_LITERAL_CONVERSION = YES;
				CLANG_WARN_OBJC_ROOT_CLASS = YES_ERROR;
				CLANG_WARN_QUOTED_INCLUDE_IN_FRAMEWORK_HEADER = YES;
				CLANG_WARN_RANGE_LOOP_ANALYSIS = YES;
				CLANG_WARN_STRICT_PROTOTYPES = YES;
				CLANG_WARN_SUSPICIOUS_MOVE = YES;
				CLANG_WARN_UNGUARDED_AVAILABILITY = YES_AGGRESSIVE;
				CLANG_WARN_UNREACHABLE_CODE = YES;
				CLANG_WARN__DUPLICATE_METHOD_MATCH = YES;
				COPY_PHASE_STRIP = NO;
				DEBUG_INFORMATION_FORMAT = "dwarf-with-dsym";
				ENABLE_NS_ASSERTIONS = NO;
				ENABLE_STRICT_OBJC_MSGSEND = YES;
				GCC_C_LANGUAGE_STANDARD = gnu11;
				GCC_NO_COMMON_BLOCKS = YES;
				GCC_WARN_64_TO_32_BIT_CONVERSION = YES;
				GCC_WARN_ABOUT_RETURN_TYPE = YES_ERROR;
				GCC_WARN_UNDECLARED_SELECTOR = YES;
				GCC_WARN_UNINITIALIZED_AUTOS = YES_AGGRESSIVE;
				GCC_WARN_UNUSED_FUNCTION = YES;
				GCC_WARN_UNUSED_VARIABLE = YES;
				IPHONEOS_DEPLOYMENT_TARGET = 15.5;
				MTL_ENABLE_DEBUG_INFO = NO;
				MTL_FAST_MATH = YES;
				SDKROOT = iphoneos;
				SWIFT_COMPILATION_MODE = wholemodule;
				SWIFT_OPTIMIZATION_LEVEL = "-O";
				VALIDATE_PRODUCT = YES;
			};
			name = Release;
		};
		8DE54D9C286362AC006FABF3 /* Debug */ = {
			isa = XCBuildConfiguration;
			buildSettings = {
				ASSETCATALOG_COMPILER_APPICON_NAME = AppIcon;
				ASSETCATALOG_COMPILER_GLOBAL_ACCENT_COLOR_NAME = AccentColor;
				CODE_SIGN_STYLE = Automatic;
				CURRENT_PROJECT_VERSION = 1;
				DEVELOPMENT_ASSET_PATHS = "\"SwiftUiTwo/Preview Content\"";
				DEVELOPMENT_TEAM = 9D9LQFC4NQ;
				ENABLE_PREVIEWS = YES;
				GENERATE_INFOPLIST_FILE = YES;
				INFOPLIST_KEY_UIApplicationSceneManifest_Generation = YES;
				INFOPLIST_KEY_UIApplicationSupportsIndirectInputEvents = YES;
				INFOPLIST_KEY_UILaunchScreen_Generation = YES;
				INFOPLIST_KEY_UISupportedInterfaceOrientations_iPad = "UIInterfaceOrientationPortrait UIInterfaceOrientationPortraitUpsideDown UIInterfaceOrientationLandscapeLeft UIInterfaceOrientationLandscapeRight";
				INFOPLIST_KEY_UISupportedInterfaceOrientations_iPhone = "UIInterfaceOrientationPortrait UIInterfaceOrientationLandscapeLeft UIInterfaceOrientationLandscapeRight";
				LD_RUNPATH_SEARCH_PATHS = (
					"$(inherited)",
					"@executable_path/Frameworks",
				);
				MARKETING_VERSION = 1.0;
				PRODUCT_BUNDLE_IDENTIFIER = uz.karavella.SwiftUiTwo;
				PRODUCT_NAME = "$(TARGET_NAME)";
				SWIFT_EMIT_LOC_STRINGS = YES;
				SWIFT_VERSION = 5.0;
				TARGETED_DEVICE_FAMILY = "1,2";
			};
			name = Debug;
		};
		8DE54D9D286362AC006FABF3 /* Release */ = {
			isa = XCBuildConfiguration;
			buildSettings = {
				ASSETCATALOG_COMPILER_APPICON_NAME = AppIcon;
				ASSETCATALOG_COMPILER_GLOBAL_ACCENT_COLOR_NAME = AccentColor;
				CODE_SIGN_STYLE = Automatic;
				CURRENT_PROJECT_VERSION = 1;
				DEVELOPMENT_ASSET_PATHS = "\"SwiftUiTwo/Preview Content\"";
				DEVELOPMENT_TEAM = 9D9LQFC4NQ;
				ENABLE_PREVIEWS = YES;
				GENERATE_INFOPLIST_FILE = YES;
				INFOPLIST_KEY_UIApplicationSceneManifest_Generation = YES;
				INFOPLIST_KEY_UIApplicationSupportsIndirectInputEvents = YES;
				INFOPLIST_KEY_UILaunchScreen_Generation = YES;
				INFOPLIST_KEY_UISupportedInterfaceOrientations_iPad = "UIInterfaceOrientationPortrait UIInterfaceOrientationPortraitUpsideDown UIInterfaceOrientationLandscapeLeft UIInterfaceOrientationLandscapeRight";
				INFOPLIST_KEY_UISupportedInterfaceOrientations_iPhone = "UIInterfaceOrientationPortrait UIInterfaceOrientationLandscapeLeft UIInterfaceOrientationLandscapeRight";
				LD_RUNPATH_SEARCH_PATHS = (
					"$(inherited)",
					"@executable_path/Frameworks",
				);
				MARKETING_VERSION = 1.0;
				PRODUCT_BUNDLE_IDENTIFIER = uz.karavella.SwiftUiTwo;
				PRODUCT_NAME = "$(TARGET_NAME)";
				SWIFT_EMIT_LOC_STRINGS = YES;
				SWIFT_VERSION = 5.0;
				TARGETED_DEVICE_FAMILY = "1,2";
			};
			name = Release;
		};
		8DE54D9F286362AC006FABF3 /* Debug */ = {
			isa = XCBuildConfiguration;
			buildSettings = {
				ALWAYS_EMBED_SWIFT_STANDARD_LIBRARIES = YES;
				BUNDLE_LOADER = "$(TEST_HOST)";
				CODE_SIGN_STYLE = Automatic;
				CURRENT_PROJECT_VERSION = 1;
				DEVELOPMENT_TEAM = 9D9LQFC4NQ;
				GENERATE_INFOPLIST_FILE = YES;
				IPHONEOS_DEPLOYMENT_TARGET = 15.5;
				MARKETING_VERSION = 1.0;
				PRODUCT_BUNDLE_IDENTIFIER = uz.karavella.SwiftUiTwoTests;
				PRODUCT_NAME = "$(TARGET_NAME)";
				SWIFT_EMIT_LOC_STRINGS = NO;
				SWIFT_VERSION = 5.0;
				TARGETED_DEVICE_FAMILY = "1,2";
				TEST_HOST = "$(BUILT_PRODUCTS_DIR)/SwiftUiTwo.app/SwiftUiTwo";
			};
			name = Debug;
		};
		8DE54DA0286362AC006FABF3 /* Release */ = {
			isa = XCBuildConfiguration;
			buildSettings = {
				ALWAYS_EMBED_SWIFT_STANDARD_LIBRARIES = YES;
				BUNDLE_LOADER = "$(TEST_HOST)";
				CODE_SIGN_STYLE = Automatic;
				CURRENT_PROJECT_VERSION = 1;
				DEVELOPMENT_TEAM = 9D9LQFC4NQ;
				GENERATE_INFOPLIST_FILE = YES;
				IPHONEOS_DEPLOYMENT_TARGET = 15.5;
				MARKETING_VERSION = 1.0;
				PRODUCT_BUNDLE_IDENTIFIER = uz.karavella.SwiftUiTwoTests;
				PRODUCT_NAME = "$(TARGET_NAME)";
				SWIFT_EMIT_LOC_STRINGS = NO;
				SWIFT_VERSION = 5.0;
				TARGETED_DEVICE_FAMILY = "1,2";
				TEST_HOST = "$(BUILT_PRODUCTS_DIR)/SwiftUiTwo.app/SwiftUiTwo";
			};
			name = Release;
		};
		8DE54DA2286362AC006FABF3 /* Debug */ = {
			isa = XCBuildConfiguration;
			buildSettings = {
				ALWAYS_EMBED_SWIFT_STANDARD_LIBRARIES = YES;
				CODE_SIGN_STYLE = Automatic;
				CURRENT_PROJECT_VERSION = 1;
				DEVELOPMENT_TEAM = 9D9LQFC4NQ;
				GENERATE_INFOPLIST_FILE = YES;
				MARKETING_VERSION = 1.0;
				PRODUCT_BUNDLE_IDENTIFIER = uz.karavella.SwiftUiTwoUITests;
				PRODUCT_NAME = "$(TARGET_NAME)";
				SWIFT_EMIT_LOC_STRINGS = NO;
				SWIFT_VERSION = 5.0;
				TARGETED_DEVICE_FAMILY = "1,2";
				TEST_TARGET_NAME = SwiftUiTwo;
			};
			name = Debug;
		};
		8DE54DA3286362AC006FABF3 /* Release */ = {
			isa = XCBuildConfiguration;
			buildSettings = {
				ALWAYS_EMBED_SWIFT_STANDARD_LIBRARIES = YES;
				CODE_SIGN_STYLE = Automatic;
				CURRENT_PROJECT_VERSION = 1;
				DEVELOPMENT_TEAM = 9D9LQFC4NQ;
				GENERATE_INFOPLIST_FILE = YES;
				MARKETING_VERSION = 1.0;
				PRODUCT_BUNDLE_IDENTIFIER = uz.karavella.SwiftUiTwoUITests;
				PRODUCT_NAME = "$(TARGET_NAME)";
				SWIFT_EMIT_LOC_STRINGS = NO;
				SWIFT_VERSION = 5.0;
				TARGETED_DEVICE_FAMILY = "1,2";
				TEST_TARGET_NAME = SwiftUiTwo;
			};
			name = Release;
		};
/* End XCBuildConfiguration section */

/* Begin XCConfigurationList section */
		8DE54D6D286362AB006FABF3 /* Build configuration list for PBXProject "SwiftUiTwo" */ = {
			isa = XCConfigurationList;
			buildConfigurations = (
				8DE54D99286362AC006FABF3 /* Debug */,
				8DE54D9A286362AC006FABF3 /* Release */,
			);
			defaultConfigurationIsVisible = 0;
			defaultConfigurationName = Release;
		};
		8DE54D9B286362AC006FABF3 /* Build configuration list for PBXNativeTarget "SwiftUiTwo" */ = {
			isa = XCConfigurationList;
			buildConfigurations = (
				8DE54D9C286362AC006FABF3 /* Debug */,
				8DE54D9D286362AC006FABF3 /* Release */,
			);
			defaultConfigurationIsVisible = 0;
			defaultConfigurationName = Release;
		};
		8DE54D9E286362AC006FABF3 /* Build configuration list for PBXNativeTarget "SwiftUiTwoTests" */ = {
			isa = XCConfigurationList;
			buildConfigurations = (
				8DE54D9F286362AC006FABF3 /* Debug */,
				8DE54DA0286362AC006FABF3 /* Release */,
			);
			defaultConfigurationIsVisible = 0;
			defaultConfigurationName = Release;
		};
		8DE54DA1286362AC006FABF3 /* Build configuration list for PBXNativeTarget "SwiftUiTwoUITests" */ = {
			isa = XCConfigurationList;
			buildConfigurations = (
				8DE54DA2286362AC006FABF3 /* Debug */,
				8DE54DA3286362AC006FABF3 /* Release */,
			);
			defaultConfigurationIsVisible = 0;
			defaultConfigurationName = Release;
		};
/* End XCConfigurationList section */

/* Begin XCVersionGroup section */
		8DE54D80286362AB006FABF3 /* SwiftUiTwo.xcdatamodeld */ = {
			isa = XCVersionGroup;
			children = (
				8DE54D81286362AB006FABF3 /* SwiftUiTwo.xcdatamodel */,
			);
			currentVersion = 8DE54D81286362AB006FABF3 /* SwiftUiTwo.xcdatamodel */;
			path = SwiftUiTwo.xcdatamodeld;
			sourceTree = "<group>";
			versionGroupType = wrapper.xcdatamodel;
		};
/* End XCVersionGroup section */
	};
	rootObject = 8DE54D6A286362AB006FABF3 /* Project object */;
}
